# THIS IS AN AUTOGENERATED FILE. DO NOT EDIT THIS FILE DIRECTLY.
# yarn lockfile v1


"@atomist/rug@^0.8.0":
  version "0.8.0"
  resolved "https://registry.yarnpkg.com/@atomist/rug/-/rug-0.8.0.tgz#50733b1d3cca5ad36f8984dfa4d444981792463b"

js-transformabit@^0.1.1:
  version "0.1.1"
  resolved "https://registry.yarnpkg.com/js-transformabit/-/js-transformabit-0.1.1.tgz#b3801916760b8f67e2403c80529ea82f21f32a15"
